{
  "object": {
    "pins": [
      {
        "package": "ConstraintKit",
        "repositoryURL": "https://github.com/russshark/ios-constraint-kit.git",
        "state": {
          "branch": "russshark/ios-9-fix",
          "revision": "737f3e8b5b6de6aa192a832faa6ac5e60da8fa85",
          "version": null
        }
      },
      {
        "package": "SharkUtils",
        "repositoryURL": "git@github.com:gymshark/ios-shark-utils.git",
        "state": {
          "branch": null,
          "revision": "aef1ed76f2d69b8be1c0a0ed664dfad2fd55aa1f",
          "version": "1.0.6"
        }
      }
    ]
  },
  "version": 1
}
